
Microsoft Visual Studio Solution File, Format Version 12.00
# Visual Studio Version 17
VisualStudioVersion = 17.14.36616.10 d17.14
MinimumVisualStudioVersion = 10.0.40219.1
Project("{FAE04EC0-301F-11D3-BF4B-00C04F79EFBC}") = "MiniStore", "MiniStore.csproj", "{082BAB56-F54E-484B-BE28-676C0AA87607}"
EndProject
Global
	GlobalSection(SolutionConfigurationPlatforms) = preSolution
		Debug|Any CPU = Debug|Any CPU
		Release|Any CPU = Release|Any CPU
	EndGlobalSection
	GlobalSection(ProjectConfigurationPlatforms) = postSolution
		{082BAB56-F54E-484B-BE28-676C0AA87607}.Debug|Any CPU.ActiveCfg = Debug|Any CPU
		{082BAB56-F54E-484B-BE28-676C0AA87607}.Debug|Any CPU.Build.0 = Debug|Any CPU
		{082BAB56-F54E-484B-BE28-676C0AA87607}.Release|Any CPU.ActiveCfg = Release|Any CPU
		{082BAB56-F54E-484B-BE28-676C0AA87607}.Release|Any CPU.Build.0 = Release|Any CPU
	EndGlobalSection
	GlobalSection(SolutionProperties) = preSolution
		HideSolutionNode = FALSE
	EndGlobalSection
	GlobalSection(ExtensibilityGlobals) = postSolution
		SolutionGuid = {93A1B93E-D97C-449E-AD0E-62E6DE282A6F}
	EndGlobalSection
EndGlobal
